
Microsoft Visual Studio Solution File, Format Version 12.00
# Visual Studio Version 16
VisualStudioVersion = 16.0.28809.33
MinimumVisualStudioVersion = 10.0.40219.1
Project("{FAE04EC0-301F-11D3-BF4B-00C04F79EFBC}") = "CS.DomainEntity", "CS.DomainEntity\CS.DomainEntity.csproj", "{2785A316-1A89-4858-8532-B6548239C32A}"
EndProject
Project("{FAE04EC0-301F-11D3-BF4B-00C04F79EFBC}") = "CS.Repository", "CS.Repository\CS.Repository.csproj", "{FD7D1F12-B7F5-40B9-AD40-8A6AA0ED5623}"
EndProject
Project("{FAE04EC0-301F-11D3-BF4B-00C04F79EFBC}") = "CS.Infrastructure", "CS.Infrastructure\CS.Infrastructure.csproj", "{2492A877-F85A-4F7A-AFE3-42ACE5FC1B0E}"
EndProject
Project("{FAE04EC0-301F-11D3-BF4B-00C04F79EFBC}") = "CS.DependencyInjection", "CS.DependencyInjection\CS.DependencyInjection.csproj", "{10D5DAD7-2E50-4AB0-879C-7F4AC467DF72}"
EndProject
Project("{FAE04EC0-301F-11D3-BF4B-00C04F79EFBC}") = "CS.API", "CS.API\CS.API.csproj", "{B77D025F-EA25-4AE1-BF2F-47D00205B717}"
EndProject
Global
	GlobalSection(SolutionConfigurationPlatforms) = preSolution
		Debug|Any CPU = Debug|Any CPU
		Release|Any CPU = Release|Any CPU
	EndGlobalSection
	GlobalSection(ProjectConfigurationPlatforms) = postSolution
		{2785A316-1A89-4858-8532-B6548239C32A}.Debug|Any CPU.ActiveCfg = Debug|Any CPU
		{2785A316-1A89-4858-8532-B6548239C32A}.Debug|Any CPU.Build.0 = Debug|Any CPU
		{2785A316-1A89-4858-8532-B6548239C32A}.Release|Any CPU.ActiveCfg = Release|Any CPU
		{2785A316-1A89-4858-8532-B6548239C32A}.Release|Any CPU.Build.0 = Release|Any CPU
		{FD7D1F12-B7F5-40B9-AD40-8A6AA0ED5623}.Debug|Any CPU.ActiveCfg = Debug|Any CPU
		{FD7D1F12-B7F5-40B9-AD40-8A6AA0ED5623}.Debug|Any CPU.Build.0 = Debug|Any CPU
		{FD7D1F12-B7F5-40B9-AD40-8A6AA0ED5623}.Release|Any CPU.ActiveCfg = Release|Any CPU
		{FD7D1F12-B7F5-40B9-AD40-8A6AA0ED5623}.Release|Any CPU.Build.0 = Release|Any CPU
		{2492A877-F85A-4F7A-AFE3-42ACE5FC1B0E}.Debug|Any CPU.ActiveCfg = Debug|Any CPU
		{2492A877-F85A-4F7A-AFE3-42ACE5FC1B0E}.Debug|Any CPU.Build.0 = Debug|Any CPU
		{2492A877-F85A-4F7A-AFE3-42ACE5FC1B0E}.Release|Any CPU.ActiveCfg = Release|Any CPU
		{2492A877-F85A-4F7A-AFE3-42ACE5FC1B0E}.Release|Any CPU.Build.0 = Release|Any CPU
		{10D5DAD7-2E50-4AB0-879C-7F4AC467DF72}.Debug|Any CPU.ActiveCfg = Debug|Any CPU
		{10D5DAD7-2E50-4AB0-879C-7F4AC467DF72}.Debug|Any CPU.Build.0 = Debug|Any CPU
		{10D5DAD7-2E50-4AB0-879C-7F4AC467DF72}.Release|Any CPU.ActiveCfg = Release|Any CPU
		{10D5DAD7-2E50-4AB0-879C-7F4AC467DF72}.Release|Any CPU.Build.0 = Release|Any CPU
		{B77D025F-EA25-4AE1-BF2F-47D00205B717}.Debug|Any CPU.ActiveCfg = Debug|Any CPU
		{B77D025F-EA25-4AE1-BF2F-47D00205B717}.Debug|Any CPU.Build.0 = Debug|Any CPU
		{B77D025F-EA25-4AE1-BF2F-47D00205B717}.Release|Any CPU.ActiveCfg = Release|Any CPU
		{B77D025F-EA25-4AE1-BF2F-47D00205B717}.Release|Any CPU.Build.0 = Release|Any CPU
	EndGlobalSection
	GlobalSection(SolutionProperties) = preSolution
		HideSolutionNode = FALSE
	EndGlobalSection
	GlobalSection(ExtensibilityGlobals) = postSolution
		SolutionGuid = {22DC1B44-5013-411E-B451-9511060206AD}
	EndGlobalSection
EndGlobal
